
Microsoft Visual Studio Solution File, Format Version 11.00
# Visual Studio 2010
Project("{2150E333-8FDC-42A3-9474-1A3956D46DE8}") = "Tests", "Tests", "{F5F87554-0438-4395-ACBC-2C260F60E091}"
EndProject
Project("{FAE04EC0-301F-11D3-BF4B-00C04F79EFBC}") = "MavenThought.MovieLibrary", "main\MavenThought.MovieLibrary\MavenThought.MovieLibrary.csproj", "{67DEF980-BB71-4FF8-926D-969E03BFACBC}"
EndProject
Global
	GlobalSection(SolutionConfigurationPlatforms) = preSolution
		Debug|Any CPU = Debug|Any CPU
		Release|Any CPU = Release|Any CPU
	EndGlobalSection
	GlobalSection(ProjectConfigurationPlatforms) = postSolution
		{67DEF980-BB71-4FF8-926D-969E03BFACBC}.Debug|Any CPU.ActiveCfg = Debug|Any CPU
		{67DEF980-BB71-4FF8-926D-969E03BFACBC}.Debug|Any CPU.Build.0 = Debug|Any CPU
		{67DEF980-BB71-4FF8-926D-969E03BFACBC}.Release|Any CPU.ActiveCfg = Release|Any CPU
		{67DEF980-BB71-4FF8-926D-969E03BFACBC}.Release|Any CPU.Build.0 = Release|Any CPU
	EndGlobalSection
	GlobalSection(SolutionProperties) = preSolution
		HideSolutionNode = FALSE
	EndGlobalSection
EndGlobal
